// !$*UTF8*$!
{
	archiveVersion = 1;
	classes = {
	};
	objectVersion = 46;
	objects = {

/* Begin PBXBuildFile section */
		0ABDA0F4FCA00805260EBA5D /* Pods_Merica.framework in Frameworks */ = {isa = PBXBuildFile; fileRef = 4D900F9D6BB3570A8EBCF969 /* Pods_Merica.framework */; };
		9BD20D7FF4D0B84D919C4CEB /* Pods_MericaTests.framework in Frameworks */ = {isa = PBXBuildFile; fileRef = 51878BD686C1CAEFAC4D3969 /* Pods_MericaTests.framework */; };
		A83B4E501F0F135F008595E8 /* AppDelegate.swift in Sources */ = {isa = PBXBuildFile; fileRef = A83B4E4F1F0F135F008595E8 /* AppDelegate.swift */; };
		A83B4E551F0F135F008595E8 /* Main.storyboard in Resources */ = {isa = PBXBuildFile; fileRef = A83B4E531F0F135F008595E8 /* Main.storyboard */; };
		A83B4E571F0F135F008595E8 /* Assets.xcassets in Resources */ = {isa = PBXBuildFile; fileRef = A83B4E561F0F135F008595E8 /* Assets.xcassets */; };
		A83B4E5A1F0F135F008595E8 /* LaunchScreen.storyboard in Resources */ = {isa = PBXBuildFile; fileRef = A83B4E581F0F135F008595E8 /* LaunchScreen.storyboard */; };
		A83B4E651F0F1360008595E8 /* MericaTests.swift in Sources */ = {isa = PBXBuildFile; fileRef = A83B4E641F0F1360008595E8 /* MericaTests.swift */; };
		A83B4E701F0F1360008595E8 /* MericaUITests.swift in Sources */ = {isa = PBXBuildFile; fileRef = A83B4E6F1F0F1360008595E8 /* MericaUITests.swift */; };
		A83B4E861F105EE2008595E8 /* WelcomeVC.swift in Sources */ = {isa = PBXBuildFile; fileRef = A83B4E851F105EE2008595E8 /* WelcomeVC.swift */; };
		A83B4E881F105F0E008595E8 /* LoginVC.swift in Sources */ = {isa = PBXBuildFile; fileRef = A83B4E871F105F0E008595E8 /* LoginVC.swift */; };
		A83B4E8A1F105F2D008595E8 /* SignUpVC.swift in Sources */ = {isa = PBXBuildFile; fileRef = A83B4E891F105F2D008595E8 /* SignUpVC.swift */; };
		A83B4E8F1F107698008595E8 /* Constants.swift in Sources */ = {isa = PBXBuildFile; fileRef = A83B4E8E1F107698008595E8 /* Constants.swift */; };
		A83B4E941F117983008595E8 /* DataService.swift in Sources */ = {isa = PBXBuildFile; fileRef = A83B4E931F117983008595E8 /* DataService.swift */; };
		A83B4E961F11CD66008595E8 /* GoogleService-Info.plist in Resources */ = {isa = PBXBuildFile; fileRef = A83B4E951F11CD66008595E8 /* GoogleService-Info.plist */; };
		A83B4E981F12F113008595E8 /* AlertControllerExtensions.swift in Sources */ = {isa = PBXBuildFile; fileRef = A83B4E971F12F113008595E8 /* AlertControllerExtensions.swift */; };
		A83B4E9A1F1310BB008595E8 /* HomeVC.swift in Sources */ = {isa = PBXBuildFile; fileRef = A83B4E991F1310BB008595E8 /* HomeVC.swift */; };
		A83B4E9C1F131110008595E8 /* ProfileVC.swift in Sources */ = {isa = PBXBuildFile; fileRef = A83B4E9B1F131110008595E8 /* ProfileVC.swift */; };
		A83B4E9E1F131130008595E8 /* PostVC.swift in Sources */ = {isa = PBXBuildFile; fileRef = A83B4E9D1F131130008595E8 /* PostVC.swift */; };
		A83B4EA11F13115B008595E8 /* MapVC.swift in Sources */ = {isa = PBXBuildFile; fileRef = A83B4EA01F13115B008595E8 /* MapVC.swift */; };
		A83B4EA51F1442CF008595E8 /* ProfileCell.swift in Sources */ = {isa = PBXBuildFile; fileRef = A83B4EA41F1442CF008595E8 /* ProfileCell.swift */; };
		A83B4EA71F149476008595E8 /* PostCell.swift in Sources */ = {isa = PBXBuildFile; fileRef = A83B4EA61F149476008595E8 /* PostCell.swift */; };
		A8CF0DE21F1E8274005B8EA6 /* LocationService.swift in Sources */ = {isa = PBXBuildFile; fileRef = A8CF0DE11F1E8274005B8EA6 /* LocationService.swift */; };
		A8D4DB9F1F2A780400D37555 /* SortHelper.swift in Sources */ = {isa = PBXBuildFile; fileRef = A8D4DB9E1F2A780400D37555 /* SortHelper.swift */; };
		A8D4DBA11F2BE92F00D37555 /* MoreVC.swift in Sources */ = {isa = PBXBuildFile; fileRef = A8D4DBA01F2BE92F00D37555 /* MoreVC.swift */; };
		A8D4DBA31F2BE95000D37555 /* TermsVC.swift in Sources */ = {isa = PBXBuildFile; fileRef = A8D4DBA21F2BE95000D37555 /* TermsVC.swift */; };
		A8D4DBA51F2BE98D00D37555 /* MoreCell.swift in Sources */ = {isa = PBXBuildFile; fileRef = A8D4DBA41F2BE98D00D37555 /* MoreCell.swift */; };
		A8D4DBA71F2C05DB00D37555 /* MyPostsCell.swift in Sources */ = {isa = PBXBuildFile; fileRef = A8D4DBA61F2C05DB00D37555 /* MyPostsCell.swift */; };
		A8D4DBA91F2C103400D37555 /* MyPostsVC.swift in Sources */ = {isa = PBXBuildFile; fileRef = A8D4DBA81F2C103400D37555 /* MyPostsVC.swift */; };
		A8D94CD41F1EB24000DE148F /* PostAnnotation.swift in Sources */ = {isa = PBXBuildFile; fileRef = A8D94CD31F1EB24000DE148F /* PostAnnotation.swift */; };
		A8D94CD61F1F1AFD00DE148F /* ColorExtension.swift in Sources */ = {isa = PBXBuildFile; fileRef = A8D94CD51F1F1AFD00DE148F /* ColorExtension.swift */; };
		A8FC68CA1F15525B00DEED82 /* Post.swift in Sources */ = {isa = PBXBuildFile; fileRef = A8FC68C91F15525B00DEED82 /* Post.swift */; };
		A8FC68CE1F16AD7C00DEED82 /* TabBarController.swift in Sources */ = {isa = PBXBuildFile; fileRef = A8FC68CD1F16AD7C00DEED82 /* TabBarController.swift */; };
		A8FC68D01F16BF0700DEED82 /* ImageExtensions.swift in Sources */ = {isa = PBXBuildFile; fileRef = A8FC68CF1F16BF0700DEED82 /* ImageExtensions.swift */; };
		A8FC68D21F16CF4F00DEED82 /* DateHelper.swift in Sources */ = {isa = PBXBuildFile; fileRef = A8FC68D11F16CF4F00DEED82 /* DateHelper.swift */; };
		B0EB8C38B91581BA87A3CCEA /* Pods_MericaUITests.framework in Frameworks */ = {isa = PBXBuildFile; fileRef = 2AAC1B814761248E14C4C42D /* Pods_MericaUITests.framework */; };
/* End PBXBuildFile section */

/* Begin PBXContainerItemProxy section */
		A83B4E611F0F1360008595E8 /* PBXContainerItemProxy */ = {
			isa = PBXContainerItemProxy;
			containerPortal = A83B4E441F0F135F008595E8 /* Project object */;
			proxyType = 1;
			remoteGlobalIDString = A83B4E4B1F0F135F008595E8;
			remoteInfo = Merica;
		};
		A83B4E6C1F0F1360008595E8 /* PBXContainerItemProxy */ = {
			isa = PBXContainerItemProxy;
			containerPortal = A83B4E441F0F135F008595E8 /* Project object */;
			proxyType = 1;
			remoteGlobalIDString = A83B4E4B1F0F135F008595E8;
			remoteInfo = Merica;
		};
/* End PBXContainerItemProxy section */

/* Begin PBXFileReference section */
		2AAC1B814761248E14C4C42D /* Pods_MericaUITests.framework */ = {isa = PBXFileReference; explicitFileType = wrapper.framework; includeInIndex = 0; path = Pods_MericaUITests.framework; sourceTree = BUILT_PRODUCTS_DIR; };
		4D900F9D6BB3570A8EBCF969 /* Pods_Merica.framework */ = {isa = PBXFileReference; explicitFileType = wrapper.framework; includeInIndex = 0; path = Pods_Merica.framework; sourceTree = BUILT_PRODUCTS_DIR; };
		51878BD686C1CAEFAC4D3969 /* Pods_MericaTests.framework */ = {isa = PBXFileReference; explicitFileType = wrapper.framework; includeInIndex = 0; path = Pods_MericaTests.framework; sourceTree = BUILT_PRODUCTS_DIR; };
		7CA2A2E445A19D467342469C /* Pods-Merica.release.xcconfig */ = {isa = PBXFileReference; includeInIndex = 1; lastKnownFileType = text.xcconfig; name = "Pods-Merica.release.xcconfig"; path = "Pods/Target Support Files/Pods-Merica/Pods-Merica.release.xcconfig"; sourceTree = "<group>"; };
		81DCC67C33CDA055550AAC98 /* Pods-MericaUITests.debug.xcconfig */ = {isa = PBXFileReference; includeInIndex = 1; lastKnownFileType = text.xcconfig; name = "Pods-MericaUITests.debug.xcconfig"; path = "Pods/Target Support Files/Pods-MericaUITests/Pods-MericaUITests.debug.xcconfig"; sourceTree = "<group>"; };
		A83B4E4C1F0F135F008595E8 /* Merica.app */ = {isa = PBXFileReference; explicitFileType = wrapper.application; includeInIndex = 0; path = Merica.app; sourceTree = BUILT_PRODUCTS_DIR; };
		A83B4E4F1F0F135F008595E8 /* AppDelegate.swift */ = {isa = PBXFileReference; lastKnownFileType = sourcecode.swift; path = AppDelegate.swift; sourceTree = "<group>"; };
		A83B4E541F0F135F008595E8 /* Base */ = {isa = PBXFileReference; lastKnownFileType = file.storyboard; name = Base; path = Base.lproj/Main.storyboard; sourceTree = "<group>"; };
		A83B4E561F0F135F008595E8 /* Assets.xcassets */ = {isa = PBXFileReference; lastKnownFileType = folder.assetcatalog; path = Assets.xcassets; sourceTree = "<group>"; };
		A83B4E591F0F135F008595E8 /* Base */ = {isa = PBXFileReference; lastKnownFileType = file.storyboard; name = Base; path = Base.lproj/LaunchScreen.storyboard; sourceTree = "<group>"; };
		A83B4E5B1F0F135F008595E8 /* Info.plist */ = {isa = PBXFileReference; lastKnownFileType = text.plist.xml; path = Info.plist; sourceTree = "<group>"; };
		A83B4E601F0F1360008595E8 /* MericaTests.xctest */ = {isa = PBXFileReference; explicitFileType = wrapper.cfbundle; includeInIndex = 0; path = MericaTests.xctest; sourceTree = BUILT_PRODUCTS_DIR; };
		A83B4E641F0F1360008595E8 /* MericaTests.swift */ = {isa = PBXFileReference; lastKnownFileType = sourcecode.swift; path = MericaTests.swift; sourceTree = "<group>"; };
		A83B4E661F0F1360008595E8 /* Info.plist */ = {isa = PBXFileReference; lastKnownFileType = text.plist.xml; path = Info.plist; sourceTree = "<group>"; };
		A83B4E6B1F0F1360008595E8 /* MericaUITests.xctest */ = {isa = PBXFileReference; explicitFileType = wrapper.cfbundle; includeInIndex = 0; path = MericaUITests.xctest; sourceTree = BUILT_PRODUCTS_DIR; };
		A83B4E6F1F0F1360008595E8 /* MericaUITests.swift */ = {isa = PBXFileReference; lastKnownFileType = sourcecode.swift; path = MericaUITests.swift; sourceTree = "<group>"; };
		A83B4E711F0F1360008595E8 /* Info.plist */ = {isa = PBXFileReference; lastKnownFileType = text.plist.xml; path = Info.plist; sourceTree = "<group>"; };
		A83B4E821F105D76008595E8 /* Merica.entitlements */ = {isa = PBXFileReference; lastKnownFileType = text.plist.entitlements; path = Merica.entitlements; sourceTree = "<group>"; };
		A83B4E851F105EE2008595E8 /* WelcomeVC.swift */ = {isa = PBXFileReference; fileEncoding = 4; lastKnownFileType = sourcecode.swift; path = WelcomeVC.swift; sourceTree = "<group>"; };
		A83B4E871F105F0E008595E8 /* LoginVC.swift */ = {isa = PBXFileReference; fileEncoding = 4; lastKnownFileType = sourcecode.swift; path = LoginVC.swift; sourceTree = "<group>"; };
		A83B4E891F105F2D008595E8 /* SignUpVC.swift */ = {isa = PBXFileReference; fileEncoding = 4; lastKnownFileType = sourcecode.swift; path = SignUpVC.swift; sourceTree = "<group>"; };
		A83B4E8E1F107698008595E8 /* Constants.swift */ = {isa = PBXFileReference; fileEncoding = 4; lastKnownFileType = sourcecode.swift; path = Constants.swift; sourceTree = "<group>"; };
		A83B4E931F117983008595E8 /* DataService.swift */ = {isa = PBXFileReference; fileEncoding = 4; lastKnownFileType = sourcecode.swift; path = DataService.swift; sourceTree = "<group>"; };
		A83B4E951F11CD66008595E8 /* GoogleService-Info.plist */ = {isa = PBXFileReference; fileEncoding = 4; lastKnownFileType = text.plist.xml; path = "GoogleService-Info.plist"; sourceTree = "<group>"; };
		A83B4E971F12F113008595E8 /* AlertControllerExtensions.swift */ = {isa = PBXFileReference; fileEncoding = 4; lastKnownFileType = sourcecode.swift; path = AlertControllerExtensions.swift; sourceTree = "<group>"; };
		A83B4E991F1310BB008595E8 /* HomeVC.swift */ = {isa = PBXFileReference; fileEncoding = 4; lastKnownFileType = sourcecode.swift; path = HomeVC.swift; sourceTree = "<group>"; };
		A83B4E9B1F131110008595E8 /* ProfileVC.swift */ = {isa = PBXFileReference; fileEncoding = 4; lastKnownFileType = sourcecode.swift; path = ProfileVC.swift; sourceTree = "<group>"; };
		A83B4E9D1F131130008595E8 /* PostVC.swift */ = {isa = PBXFileReference; fileEncoding = 4; lastKnownFileType = sourcecode.swift; path = PostVC.swift; sourceTree = "<group>"; };
		A83B4EA01F13115B008595E8 /* MapVC.swift */ = {isa = PBXFileReference; fileEncoding = 4; lastKnownFileType = sourcecode.swift; path = MapVC.swift; sourceTree = "<group>"; };
		A83B4EA41F1442CF008595E8 /* ProfileCell.swift */ = {isa = PBXFileReference; fileEncoding = 4; lastKnownFileType = sourcecode.swift; path = ProfileCell.swift; sourceTree = "<group>"; };
		A83B4EA61F149476008595E8 /* PostCell.swift */ = {isa = PBXFileReference; fileEncoding = 4; lastKnownFileType = sourcecode.swift; path = PostCell.swift; sourceTree = "<group>"; };
		A8CF0DE11F1E8274005B8EA6 /* LocationService.swift */ = {isa = PBXFileReference; fileEncoding = 4; lastKnownFileType = sourcecode.swift; path = LocationService.swift; sourceTree = "<group>"; };
		A8D4DB9E1F2A780400D37555 /* SortHelper.swift */ = {isa = PBXFileReference; fileEncoding = 4; lastKnownFileType = sourcecode.swift; path = SortHelper.swift; sourceTree = "<group>"; };
		A8D4DBA01F2BE92F00D37555 /* MoreVC.swift */ = {isa = PBXFileReference; fileEncoding = 4; lastKnownFileType = sourcecode.swift; path = MoreVC.swift; sourceTree = "<group>"; };
		A8D4DBA21F2BE95000D37555 /* TermsVC.swift */ = {isa = PBXFileReference; fileEncoding = 4; lastKnownFileType = sourcecode.swift; path = TermsVC.swift; sourceTree = "<group>"; };
		A8D4DBA41F2BE98D00D37555 /* MoreCell.swift */ = {isa = PBXFileReference; fileEncoding = 4; lastKnownFileType = sourcecode.swift; path = MoreCell.swift; sourceTree = "<group>"; };
		A8D4DBA61F2C05DB00D37555 /* MyPostsCell.swift */ = {isa = PBXFileReference; fileEncoding = 4; lastKnownFileType = sourcecode.swift; path = MyPostsCell.swift; sourceTree = "<group>"; };
		A8D4DBA81F2C103400D37555 /* MyPostsVC.swift */ = {isa = PBXFileReference; fileEncoding = 4; lastKnownFileType = sourcecode.swift; path = MyPostsVC.swift; sourceTree = "<group>"; };
		A8D94CD31F1EB24000DE148F /* PostAnnotation.swift */ = {isa = PBXFileReference; fileEncoding = 4; lastKnownFileType = sourcecode.swift; path = PostAnnotation.swift; sourceTree = "<group>"; };
		A8D94CD51F1F1AFD00DE148F /* ColorExtension.swift */ = {isa = PBXFileReference; fileEncoding = 4; lastKnownFileType = sourcecode.swift; path = ColorExtension.swift; sourceTree = "<group>"; };
		A8FC68C91F15525B00DEED82 /* Post.swift */ = {isa = PBXFileReference; fileEncoding = 4; lastKnownFileType = sourcecode.swift; path = Post.swift; sourceTree = "<group>"; };
		A8FC68CD1F16AD7C00DEED82 /* TabBarController.swift */ = {isa = PBXFileReference; fileEncoding = 4; lastKnownFileType = sourcecode.swift; path = TabBarController.swift; sourceTree = "<group>"; };
		A8FC68CF1F16BF0700DEED82 /* ImageExtensions.swift */ = {isa = PBXFileReference; fileEncoding = 4; lastKnownFileType = sourcecode.swift; path = ImageExtensions.swift; sourceTree = "<group>"; };
		A8FC68D11F16CF4F00DEED82 /* DateHelper.swift */ = {isa = PBXFileReference; fileEncoding = 4; lastKnownFileType = sourcecode.swift; path = DateHelper.swift; sourceTree = "<group>"; };
		AAA69E54ECA541AA1E150E6D /* Pods-MericaTests.debug.xcconfig */ = {isa = PBXFileReference; includeInIndex = 1; lastKnownFileType = text.xcconfig; name = "Pods-MericaTests.debug.xcconfig"; path = "Pods/Target Support Files/Pods-MericaTests/Pods-MericaTests.debug.xcconfig"; sourceTree = "<group>"; };
		DABB58D4AF713797A1917FFB /* Pods-MericaTests.release.xcconfig */ = {isa = PBXFileReference; includeInIndex = 1; lastKnownFileType = text.xcconfig; name = "Pods-MericaTests.release.xcconfig"; path = "Pods/Target Support Files/Pods-MericaTests/Pods-MericaTests.release.xcconfig"; sourceTree = "<group>"; };
		EE5447F6DE8C32FCDCDCEC79 /* Pods-MericaUITests.release.xcconfig */ = {isa = PBXFileReference; includeInIndex = 1; lastKnownFileType = text.xcconfig; name = "Pods-MericaUITests.release.xcconfig"; path = "Pods/Target Support Files/Pods-MericaUITests/Pods-MericaUITests.release.xcconfig"; sourceTree = "<group>"; };
		F9563577A2CEDD1BE565CA04 /* Pods-Merica.debug.xcconfig */ = {isa = PBXFileReference; includeInIndex = 1; lastKnownFileType = text.xcconfig; name = "Pods-Merica.debug.xcconfig"; path = "Pods/Target Support Files/Pods-Merica/Pods-Merica.debug.xcconfig"; sourceTree = "<group>"; };
/* End PBXFileReference section */

/* Begin PBXFrameworksBuildPhase section */
		A83B4E491F0F135F008595E8 /* Frameworks */ = {
			isa = PBXFrameworksBuildPhase;
			buildActionMask = 2147483647;
			files = (
				0ABDA0F4FCA00805260EBA5D /* Pods_Merica.framework in Frameworks */,
			);
			runOnlyForDeploymentPostprocessing = 0;
		};
		A83B4E5D1F0F1360008595E8 /* Frameworks */ = {
			isa = PBXFrameworksBuildPhase;
			buildActionMask = 2147483647;
			files = (
				9BD20D7FF4D0B84D919C4CEB /* Pods_MericaTests.framework in Frameworks */,
			);
			runOnlyForDeploymentPostprocessing = 0;
		};
		A83B4E681F0F1360008595E8 /* Frameworks */ = {
			isa = PBXFrameworksBuildPhase;
			buildActionMask = 2147483647;
			files = (
				B0EB8C38B91581BA87A3CCEA /* Pods_MericaUITests.framework in Frameworks */,
			);
			runOnlyForDeploymentPostprocessing = 0;
		};
/* End PBXFrameworksBuildPhase section */

/* Begin PBXGroup section */
		A83B4E431F0F135F008595E8 = {
			isa = PBXGroup;
			children = (
				A83B4E4E1F0F135F008595E8 /* Merica */,
				A83B4E631F0F1360008595E8 /* MericaTests */,
				A83B4E6E1F0F1360008595E8 /* MericaUITests */,
				A83B4E4D1F0F135F008595E8 /* Products */,
				F5EEEBFC829B6B9714146C11 /* Pods */,
				B77F149C684B7F160AE68998 /* Frameworks */,
			);
			sourceTree = "<group>";
		};
		A83B4E4D1F0F135F008595E8 /* Products */ = {
			isa = PBXGroup;
			children = (
				A83B4E4C1F0F135F008595E8 /* Merica.app */,
				A83B4E601F0F1360008595E8 /* MericaTests.xctest */,
				A83B4E6B1F0F1360008595E8 /* MericaUITests.xctest */,
			);
			name = Products;
			sourceTree = "<group>";
		};
		A83B4E4E1F0F135F008595E8 /* Merica */ = {
			isa = PBXGroup;
			children = (
				A83B4E921F117969008595E8 /* Services */,
				A83B4E821F105D76008595E8 /* Merica.entitlements */,
				A83B4E7F1F0F1838008595E8 /* Models */,
				A83B4E7E1F0F1833008595E8 /* Views */,
				A83B4E7D1F0F1825008595E8 /* Controllers */,
				A83B4E8B1F1067F1008595E8 /* Utils */,
				A83B4E4F1F0F135F008595E8 /* AppDelegate.swift */,
				A83B4E531F0F135F008595E8 /* Main.storyboard */,
				A83B4E561F0F135F008595E8 /* Assets.xcassets */,
				A83B4E581F0F135F008595E8 /* LaunchScreen.storyboard */,
				A83B4E5B1F0F135F008595E8 /* Info.plist */,
				A83B4E951F11CD66008595E8 /* GoogleService-Info.plist */,
			);
			path = Merica;
			sourceTree = "<group>";
		};
		A83B4E631F0F1360008595E8 /* MericaTests */ = {
			isa = PBXGroup;
			children = (
				A83B4E641F0F1360008595E8 /* MericaTests.swift */,
				A83B4E661F0F1360008595E8 /* Info.plist */,
			);
			path = MericaTests;
			sourceTree = "<group>";
		};
		A83B4E6E1F0F1360008595E8 /* MericaUITests */ = {
			isa = PBXGroup;
			children = (
				A83B4E6F1F0F1360008595E8 /* MericaUITests.swift */,
				A83B4E711F0F1360008595E8 /* Info.plist */,
			);
			path = MericaUITests;
			sourceTree = "<group>";
		};
		A83B4E7D1F0F1825008595E8 /* Controllers */ = {
			isa = PBXGroup;
			children = (
				A83B4E851F105EE2008595E8 /* WelcomeVC.swift */,
				A83B4E871F105F0E008595E8 /* LoginVC.swift */,
				A83B4E891F105F2D008595E8 /* SignUpVC.swift */,
				A83B4E991F1310BB008595E8 /* HomeVC.swift */,
				A83B4E9B1F131110008595E8 /* ProfileVC.swift */,
				A83B4E9D1F131130008595E8 /* PostVC.swift */,
				A83B4EA01F13115B008595E8 /* MapVC.swift */,
				A8D4DBA01F2BE92F00D37555 /* MoreVC.swift */,
				A8D4DBA21F2BE95000D37555 /* TermsVC.swift */,
				A8FC68CD1F16AD7C00DEED82 /* TabBarController.swift */,
				A8D4DBA81F2C103400D37555 /* MyPostsVC.swift */,
			);
			name = Controllers;
			sourceTree = "<group>";
		};
		A83B4E7E1F0F1833008595E8 /* Views */ = {
			isa = PBXGroup;
			children = (
				A83B4EA41F1442CF008595E8 /* ProfileCell.swift */,
				A83B4EA61F149476008595E8 /* PostCell.swift */,
				A8D4DBA61F2C05DB00D37555 /* MyPostsCell.swift */,
				A8D4DBA41F2BE98D00D37555 /* MoreCell.swift */,
			);
			name = Views;
			sourceTree = "<group>";
		};
		A83B4E7F1F0F1838008595E8 /* Models */ = {
			isa = PBXGroup;
			children = (
				A8FC68C91F15525B00DEED82 /* Post.swift */,
			);
			name = Models;
			sourceTree = "<group>";
		};
		A83B4E8B1F1067F1008595E8 /* Utils */ = {
			isa = PBXGroup;
			children = (
				A83B4E8E1F107698008595E8 /* Constants.swift */,
				A83B4E971F12F113008595E8 /* AlertControllerExtensions.swift */,
				A8FC68CF1F16BF0700DEED82 /* ImageExtensions.swift */,
				A8FC68D11F16CF4F00DEED82 /* DateHelper.swift */,
				A8D94CD31F1EB24000DE148F /* PostAnnotation.swift */,
				A8D94CD51F1F1AFD00DE148F /* ColorExtension.swift */,
				A8D4DB9E1F2A780400D37555 /* SortHelper.swift */,
			);
			name = Utils;
			sourceTree = "<group>";
		};
		A83B4E921F117969008595E8 /* Services */ = {
			isa = PBXGroup;
			children = (
				A83B4E931F117983008595E8 /* DataService.swift */,
				A8CF0DE11F1E8274005B8EA6 /* LocationService.swift */,
			);
			name = Services;
			sourceTree = "<group>";
		};
		B77F149C684B7F160AE68998 /* Frameworks */ = {
			isa = PBXGroup;
			children = (
				4D900F9D6BB3570A8EBCF969 /* Pods_Merica.framework */,
				51878BD686C1CAEFAC4D3969 /* Pods_MericaTests.framework */,
				2AAC1B814761248E14C4C42D /* Pods_MericaUITests.framework */,
			);
			name = Frameworks;
			sourceTree = "<group>";
		};
		F5EEEBFC829B6B9714146C11 /* Pods */ = {
			isa = PBXGroup;
			children = (
				F9563577A2CEDD1BE565CA04 /* Pods-Merica.debug.xcconfig */,
				7CA2A2E445A19D467342469C /* Pods-Merica.release.xcconfig */,
				AAA69E54ECA541AA1E150E6D /* Pods-MericaTests.debug.xcconfig */,
				DABB58D4AF713797A1917FFB /* Pods-MericaTests.release.xcconfig */,
				81DCC67C33CDA055550AAC98 /* Pods-MericaUITests.debug.xcconfig */,
				EE5447F6DE8C32FCDCDCEC79 /* Pods-MericaUITests.release.xcconfig */,
			);
			name = Pods;
			sourceTree = "<group>";
		};
/* End PBXGroup section */

/* Begin PBXNativeTarget section */
		A83B4E4B1F0F135F008595E8 /* Merica */ = {
			isa = PBXNativeTarget;
			buildConfigurationList = A83B4E741F0F1360008595E8 /* Build configuration list for PBXNativeTarget "Merica" */;
			buildPhases = (
				CEBF94FDC13C3530677C2CD5 /* [CP] Check Pods Manifest.lock */,
				A83B4E481F0F135F008595E8 /* Sources */,
				A83B4E491F0F135F008595E8 /* Frameworks */,
				A83B4E4A1F0F135F008595E8 /* Resources */,
				BCB6B619FC62FA80CEE55AF5 /* [CP] Embed Pods Frameworks */,
				C0487DF2B229F567E943B906 /* [CP] Copy Pods Resources */,
			);
			buildRules = (
			);
			dependencies = (
			);
			name = Merica;
			productName = Merica;
			productReference = A83B4E4C1F0F135F008595E8 /* Merica.app */;
			productType = "com.apple.product-type.application";
		};
		A83B4E5F1F0F1360008595E8 /* MericaTests */ = {
			isa = PBXNativeTarget;
			buildConfigurationList = A83B4E771F0F1360008595E8 /* Build configuration list for PBXNativeTarget "MericaTests" */;
			buildPhases = (
				E236E29977E3CA635236C0C7 /* [CP] Check Pods Manifest.lock */,
				A83B4E5C1F0F1360008595E8 /* Sources */,
				A83B4E5D1F0F1360008595E8 /* Frameworks */,
				A83B4E5E1F0F1360008595E8 /* Resources */,
				EAB97BC4744B575052265CC6 /* [CP] Embed Pods Frameworks */,
				4DB9EBDB80176F2803D45D59 /* [CP] Copy Pods Resources */,
			);
			buildRules = (
			);
			dependencies = (
				A83B4E621F0F1360008595E8 /* PBXTargetDependency */,
			);
			name = MericaTests;
			productName = MericaTests;
			productReference = A83B4E601F0F1360008595E8 /* MericaTests.xctest */;
			productType = "com.apple.product-type.bundle.unit-test";
		};
		A83B4E6A1F0F1360008595E8 /* MericaUITests */ = {
			isa = PBXNativeTarget;
			buildConfigurationList = A83B4E7A1F0F1360008595E8 /* Build configuration list for PBXNativeTarget "MericaUITests" */;
			buildPhases = (
				6AB1507EEB22785954951583 /* [CP] Check Pods Manifest.lock */,
				A83B4E671F0F1360008595E8 /* Sources */,
				A83B4E681F0F1360008595E8 /* Frameworks */,
				A83B4E691F0F1360008595E8 /* Resources */,
				337F5C5B1D40B6B141A22A7E /* [CP] Embed Pods Frameworks */,
				93E4AA63229F8C4351FC0FDC /* [CP] Copy Pods Resources */,
			);
			buildRules = (
			);
			dependencies = (
				A83B4E6D1F0F1360008595E8 /* PBXTargetDependency */,
			);
			name = MericaUITests;
			productName = MericaUITests;
			productReference = A83B4E6B1F0F1360008595E8 /* MericaUITests.xctest */;
			productType = "com.apple.product-type.bundle.ui-testing";
		};
/* End PBXNativeTarget section */

/* Begin PBXProject section */
		A83B4E441F0F135F008595E8 /* Project object */ = {
			isa = PBXProject;
			attributes = {
				LastSwiftUpdateCheck = 0830;
				LastUpgradeCheck = 0830;
				ORGANIZATIONNAME = "Matt Deuschle";
				TargetAttributes = {
					A83B4E4B1F0F135F008595E8 = {
						CreatedOnToolsVersion = 8.3.3;
						DevelopmentTeam = 3DKZWJ5854;
						ProvisioningStyle = Automatic;
						SystemCapabilities = {
							com.apple.Keychain = {
								enabled = 1;
							};
						};
					};
					A83B4E5F1F0F1360008595E8 = {
						CreatedOnToolsVersion = 8.3.3;
						DevelopmentTeam = 3DKZWJ5854;
						ProvisioningStyle = Automatic;
						TestTargetID = A83B4E4B1F0F135F008595E8;
					};
					A83B4E6A1F0F1360008595E8 = {
						CreatedOnToolsVersion = 8.3.3;
						DevelopmentTeam = 3DKZWJ5854;
						ProvisioningStyle = Automatic;
						TestTargetID = A83B4E4B1F0F135F008595E8;
					};
				};
			};
			buildConfigurationList = A83B4E471F0F135F008595E8 /* Build configuration list for PBXProject "Merica" */;
			compatibilityVersion = "Xcode 3.2";
			developmentRegion = English;
			hasScannedForEncodings = 0;
			knownRegions = (
				en,
				Base,
			);
			mainGroup = A83B4E431F0F135F008595E8;
			productRefGroup = A83B4E4D1F0F135F008595E8 /* Products */;
			projectDirPath = "";
			projectRoot = "";
			targets = (
				A83B4E4B1F0F135F008595E8 /* Merica */,
				A83B4E5F1F0F1360008595E8 /* MericaTests */,
				A83B4E6A1F0F1360008595E8 /* MericaUITests */,
			);
		};
/* End PBXProject section */

/* Begin PBXResourcesBuildPhase section */
		A83B4E4A1F0F135F008595E8 /* Resources */ = {
			isa = PBXResourcesBuildPhase;
			buildActionMask = 2147483647;
			files = (
				A83B4E5A1F0F135F008595E8 /* LaunchScreen.storyboard in Resources */,
				A83B4E961F11CD66008595E8 /* GoogleService-Info.plist in Resources */,
				A83B4E571F0F135F008595E8 /* Assets.xcassets in Resources */,
				A83B4E551F0F135F008595E8 /* Main.storyboard in Resources */,
			);
			runOnlyForDeploymentPostprocessing = 0;
		};
		A83B4E5E1F0F1360008595E8 /* Resources */ = {
			isa = PBXResourcesBuildPhase;
			buildActionMask = 2147483647;
			files = (
			);
			runOnlyForDeploymentPostprocessing = 0;
		};
		A83B4E691F0F1360008595E8 /* Resources */ = {
			isa = PBXResourcesBuildPhase;
			buildActionMask = 2147483647;
			files = (
			);
			runOnlyForDeploymentPostprocessing = 0;
		};
/* End PBXResourcesBuildPhase section */

/* Begin PBXShellScriptBuildPhase section */
		337F5C5B1D40B6B141A22A7E /* [CP] Embed Pods Frameworks */ = {
			isa = PBXShellScriptBuildPhase;
			buildActionMask = 2147483647;
			files = (
			);
			inputPaths = (
			);
			name = "[CP] Embed Pods Frameworks";
			outputPaths = (
			);
			runOnlyForDeploymentPostprocessing = 0;
			shellPath = /bin/sh;
			shellScript = "\"${SRCROOT}/Pods/Target Support Files/Pods-MericaUITests/Pods-MericaUITests-frameworks.sh\"\n";
			showEnvVarsInLog = 0;
		};
		4DB9EBDB80176F2803D45D59 /* [CP] Copy Pods Resources */ = {
			isa = PBXShellScriptBuildPhase;
			buildActionMask = 2147483647;
			files = (
			);
			inputPaths = (
			);
			name = "[CP] Copy Pods Resources";
			outputPaths = (
			);
			runOnlyForDeploymentPostprocessing = 0;
			shellPath = /bin/sh;
			shellScript = "\"${SRCROOT}/Pods/Target Support Files/Pods-MericaTests/Pods-MericaTests-resources.sh\"\n";
			showEnvVarsInLog = 0;
		};
		6AB1507EEB22785954951583 /* [CP] Check Pods Manifest.lock */ = {
			isa = PBXShellScriptBuildPhase;
			buildActionMask = 2147483647;
			files = (
			);
			inputPaths = (
			);
			name = "[CP] Check Pods Manifest.lock";
			outputPaths = (
			);
			runOnlyForDeploymentPostprocessing = 0;
			shellPath = /bin/sh;
			shellScript = "diff \"${PODS_ROOT}/../Podfile.lock\" \"${PODS_ROOT}/Manifest.lock\" > /dev/null\nif [ $? != 0 ] ; then\n    # print error to STDERR\n    echo \"error: The sandbox is not in sync with the Podfile.lock. Run 'pod install' or update your CocoaPods installation.\" >&2\n    exit 1\nfi\n";
			showEnvVarsInLog = 0;
		};
		93E4AA63229F8C4351FC0FDC /* [CP] Copy Pods Resources */ = {
			isa = PBXShellScriptBuildPhase;
			buildActionMask = 2147483647;
			files = (
			);
			inputPaths = (
			);
			name = "[CP] Copy Pods Resources";
			outputPaths = (
			);
			runOnlyForDeploymentPostprocessing = 0;
			shellPath = /bin/sh;
			shellScript = "\"${SRCROOT}/Pods/Target Support Files/Pods-MericaUITests/Pods-MericaUITests-resources.sh\"\n";
			showEnvVarsInLog = 0;
		};
		BCB6B619FC62FA80CEE55AF5 /* [CP] Embed Pods Frameworks */ = {
			isa = PBXShellScriptBuildPhase;
			buildActionMask = 2147483647;
			files = (
			);
			inputPaths = (
			);
			name = "[CP] Embed Pods Frameworks";
			outputPaths = (
			);
			runOnlyForDeploymentPostprocessing = 0;
			shellPath = /bin/sh;
			shellScript = "\"${SRCROOT}/Pods/Target Support Files/Pods-Merica/Pods-Merica-frameworks.sh\"\n";
			showEnvVarsInLog = 0;
		};
		C0487DF2B229F567E943B906 /* [CP] Copy Pods Resources */ = {
			isa = PBXShellScriptBuildPhase;
			buildActionMask = 2147483647;
			files = (
			);
			inputPaths = (
			);
			name = "[CP] Copy Pods Resources";
			outputPaths = (
			);
			runOnlyForDeploymentPostprocessing = 0;
			shellPath = /bin/sh;
			shellScript = "\"${SRCROOT}/Pods/Target Support Files/Pods-Merica/Pods-Merica-resources.sh\"\n";
			showEnvVarsInLog = 0;
		};
		CEBF94FDC13C3530677C2CD5 /* [CP] Check Pods Manifest.lock */ = {
			isa = PBXShellScriptBuildPhase;
			buildActionMask = 2147483647;
			files = (
			);
			inputPaths = (
			);
			name = "[CP] Check Pods Manifest.lock";
			outputPaths = (
			);
			runOnlyForDeploymentPostprocessing = 0;
			shellPath = /bin/sh;
			shellScript = "diff \"${PODS_ROOT}/../Podfile.lock\" \"${PODS_ROOT}/Manifest.lock\" > /dev/null\nif [ $? != 0 ] ; then\n    # print error to STDERR\n    echo \"error: The sandbox is not in sync with the Podfile.lock. Run 'pod install' or update your CocoaPods installation.\" >&2\n    exit 1\nfi\n";
			showEnvVarsInLog = 0;
		};
		E236E29977E3CA635236C0C7 /* [CP] Check Pods Manifest.lock */ = {
			isa = PBXShellScriptBuildPhase;
			buildActionMask = 2147483647;
			files = (
			);
			inputPaths = (
			);
			name = "[CP] Check Pods Manifest.lock";
			outputPaths = (
			);
			runOnlyForDeploymentPostprocessing = 0;
			shellPath = /bin/sh;
			shellScript = "diff \"${PODS_ROOT}/../Podfile.lock\" \"${PODS_ROOT}/Manifest.lock\" > /dev/null\nif [ $? != 0 ] ; then\n    # print error to STDERR\n    echo \"error: The sandbox is not in sync with the Podfile.lock. Run 'pod install' or update your CocoaPods installation.\" >&2\n    exit 1\nfi\n";
			showEnvVarsInLog = 0;
		};
		EAB97BC4744B575052265CC6 /* [CP] Embed Pods Frameworks */ = {
			isa = PBXShellScriptBuildPhase;
			buildActionMask = 2147483647;
			files = (
			);
			inputPaths = (
			);
			name = "[CP] Embed Pods Frameworks";
			outputPaths = (
			);
			runOnlyForDeploymentPostprocessing = 0;
			shellPath = /bin/sh;
			shellScript = "\"${SRCROOT}/Pods/Target Support Files/Pods-MericaTests/Pods-MericaTests-frameworks.sh\"\n";
			showEnvVarsInLog = 0;
		};
/* End PBXShellScriptBuildPhase section */

/* Begin PBXSourcesBuildPhase section */
		A83B4E481F0F135F008595E8 /* Sources */ = {
			isa = PBXSourcesBuildPhase;
			buildActionMask = 2147483647;
			files = (
				A8D4DBA31F2BE95000D37555 /* TermsVC.swift in Sources */,
				A83B4E8F1F107698008595E8 /* Constants.swift in Sources */,
				A83B4E9A1F1310BB008595E8 /* HomeVC.swift in Sources */,
				A83B4EA71F149476008595E8 /* PostCell.swift in Sources */,
				A8D4DBA11F2BE92F00D37555 /* MoreVC.swift in Sources */,
				A8FC68D01F16BF0700DEED82 /* ImageExtensions.swift in Sources */,
				A8FC68CE1F16AD7C00DEED82 /* TabBarController.swift in Sources */,
				A83B4E8A1F105F2D008595E8 /* SignUpVC.swift in Sources */,
				A83B4E9C1F131110008595E8 /* ProfileVC.swift in Sources */,
				A8FC68CA1F15525B00DEED82 /* Post.swift in Sources */,
				A8D4DBA91F2C103400D37555 /* MyPostsVC.swift in Sources */,
				A83B4E9E1F131130008595E8 /* PostVC.swift in Sources */,
				A8FC68D21F16CF4F00DEED82 /* DateHelper.swift in Sources */,
				A83B4EA11F13115B008595E8 /* MapVC.swift in Sources */,
				A8D4DB9F1F2A780400D37555 /* SortHelper.swift in Sources */,
				A83B4E501F0F135F008595E8 /* AppDelegate.swift in Sources */,
				A83B4E981F12F113008595E8 /* AlertControllerExtensions.swift in Sources */,
				A8D94CD41F1EB24000DE148F /* PostAnnotation.swift in Sources */,
				A83B4E941F117983008595E8 /* DataService.swift in Sources */,
				A83B4EA51F1442CF008595E8 /* ProfileCell.swift in Sources */,
				A83B4E861F105EE2008595E8 /* WelcomeVC.swift in Sources */,
				A8D4DBA51F2BE98D00D37555 /* MoreCell.swift in Sources */,
				A8D4DBA71F2C05DB00D37555 /* MyPostsCell.swift in Sources */,
				A8CF0DE21F1E8274005B8EA6 /* LocationService.swift in Sources */,
				A83B4E881F105F0E008595E8 /* LoginVC.swift in Sources */,
				A8D94CD61F1F1AFD00DE148F /* ColorExtension.swift in Sources */,
			);
			runOnlyForDeploymentPostprocessing = 0;
		};
		A83B4E5C1F0F1360008595E8 /* Sources */ = {
			isa = PBXSourcesBuildPhase;
			buildActionMask = 2147483647;
			files = (
				A83B4E651F0F1360008595E8 /* MericaTests.swift in Sources */,
			);
			runOnlyForDeploymentPostprocessing = 0;
		};
		A83B4E671F0F1360008595E8 /* Sources */ = {
			isa = PBXSourcesBuildPhase;
			buildActionMask = 2147483647;
			files = (
				A83B4E701F0F1360008595E8 /* MericaUITests.swift in Sources */,
			);
			runOnlyForDeploymentPostprocessing = 0;
		};
/* End PBXSourcesBuildPhase section */

/* Begin PBXTargetDependency section */
		A83B4E621F0F1360008595E8 /* PBXTargetDependency */ = {
			isa = PBXTargetDependency;
			target = A83B4E4B1F0F135F008595E8 /* Merica */;
			targetProxy = A83B4E611F0F1360008595E8 /* PBXContainerItemProxy */;
		};
		A83B4E6D1F0F1360008595E8 /* PBXTargetDependency */ = {
			isa = PBXTargetDependency;
			target = A83B4E4B1F0F135F008595E8 /* Merica */;
			targetProxy = A83B4E6C1F0F1360008595E8 /* PBXContainerItemProxy */;
		};
/* End PBXTargetDependency section */

/* Begin PBXVariantGroup section */
		A83B4E531F0F135F008595E8 /* Main.storyboard */ = {
			isa = PBXVariantGroup;
			children = (
				A83B4E541F0F135F008595E8 /* Base */,
			);
			name = Main.storyboard;
			sourceTree = "<group>";
		};
		A83B4E581F0F135F008595E8 /* LaunchScreen.storyboard */ = {
			isa = PBXVariantGroup;
			children = (
				A83B4E591F0F135F008595E8 /* Base */,
			);
			name = LaunchScreen.storyboard;
			sourceTree = "<group>";
		};
/* End PBXVariantGroup section */

/* Begin XCBuildConfiguration section */
		A83B4E721F0F1360008595E8 /* Debug */ = {
			isa = XCBuildConfiguration;
			buildSettings = {
				ALWAYS_SEARCH_USER_PATHS = NO;
				CLANG_ANALYZER_NONNULL = YES;
				CLANG_ANALYZER_NUMBER_OBJECT_CONVERSION = YES_AGGRESSIVE;
				CLANG_CXX_LANGUAGE_STANDARD = "gnu++0x";
				CLANG_CXX_LIBRARY = "libc++";
				CLANG_ENABLE_MODULES = YES;
				CLANG_ENABLE_OBJC_ARC = YES;
				CLANG_WARN_BOOL_CONVERSION = YES;
				CLANG_WARN_CONSTANT_CONVERSION = YES;
				CLANG_WARN_DIRECT_OBJC_ISA_USAGE = YES_ERROR;
				CLANG_WARN_DOCUMENTATION_COMMENTS = YES;
				CLANG_WARN_EMPTY_BODY = YES;
				CLANG_WARN_ENUM_CONVERSION = YES;
				CLANG_WARN_INFINITE_RECURSION = YES;
				CLANG_WARN_INT_CONVERSION = YES;
				CLANG_WARN_OBJC_ROOT_CLASS = YES_ERROR;
				CLANG_WARN_SUSPICIOUS_MOVE = YES;
				CLANG_WARN_UNREACHABLE_CODE = YES;
				CLANG_WARN__DUPLICATE_METHOD_MATCH = YES;
				"CODE_SIGN_IDENTITY[sdk=iphoneos*]" = "iPhone Developer";
				COPY_PHASE_STRIP = NO;
				DEBUG_INFORMATION_FORMAT = dwarf;
				ENABLE_STRICT_OBJC_MSGSEND = YES;
				ENABLE_TESTABILITY = YES;
				GCC_C_LANGUAGE_STANDARD = gnu99;
				GCC_DYNAMIC_NO_PIC = NO;
				GCC_NO_COMMON_BLOCKS = YES;
				GCC_OPTIMIZATION_LEVEL = 0;
				GCC_PREPROCESSOR_DEFINITIONS = (
					"DEBUG=1",
					"$(inherited)",
				);
				GCC_WARN_64_TO_32_BIT_CONVERSION = YES;
				GCC_WARN_ABOUT_RETURN_TYPE = YES_ERROR;
				GCC_WARN_UNDECLARED_SELECTOR = YES;
				GCC_WARN_UNINITIALIZED_AUTOS = YES_AGGRESSIVE;
				GCC_WARN_UNUSED_FUNCTION = YES;
				GCC_WARN_UNUSED_VARIABLE = YES;
				IPHONEOS_DEPLOYMENT_TARGET = 10.3;
				MTL_ENABLE_DEBUG_INFO = YES;
				ONLY_ACTIVE_ARCH = YES;
				SDKROOT = iphoneos;
				SWIFT_ACTIVE_COMPILATION_CONDITIONS = DEBUG;
				SWIFT_OPTIMIZATION_LEVEL = "-Onone";
				TARGETED_DEVICE_FAMILY = "1,2";
			};
			name = Debug;
		};
		A83B4E731F0F1360008595E8 /* Release */ = {
			isa = XCBuildConfiguration;
			buildSettings = {
				ALWAYS_SEARCH_USER_PATHS = NO;
				CLANG_ANALYZER_NONNULL = YES;
				CLANG_ANALYZER_NUMBER_OBJECT_CONVERSION = YES_AGGRESSIVE;
				CLANG_CXX_LANGUAGE_STANDARD = "gnu++0x";
				CLANG_CXX_LIBRARY = "libc++";
				CLANG_ENABLE_MODULES = YES;
				CLANG_ENABLE_OBJC_ARC = YES;
				CLANG_WARN_BOOL_CONVERSION = YES;
				CLANG_WARN_CONSTANT_CONVERSION = YES;
				CLANG_WARN_DIRECT_OBJC_ISA_USAGE = YES_ERROR;
				CLANG_WARN_DOCUMENTATION_COMMENTS = YES;
				CLANG_WARN_EMPTY_BODY = YES;
				CLANG_WARN_ENUM_CONVERSION = YES;
				CLANG_WARN_INFINITE_RECURSION = YES;
				CLANG_WARN_INT_CONVERSION = YES;
				CLANG_WARN_OBJC_ROOT_CLASS = YES_ERROR;
				CLANG_WARN_SUSPICIOUS_MOVE = YES;
				CLANG_WARN_UNREACHABLE_CODE = YES;
				CLANG_WARN__DUPLICATE_METHOD_MATCH = YES;
				"CODE_SIGN_IDENTITY[sdk=iphoneos*]" = "iPhone Developer";
				COPY_PHASE_STRIP = NO;
				DEBUG_INFORMATION_FORMAT = "dwarf-with-dsym";
				ENABLE_NS_ASSERTIONS = NO;
				ENABLE_STRICT_OBJC_MSGSEND = YES;
				GCC_C_LANGUAGE_STANDARD = gnu99;
				GCC_NO_COMMON_BLOCKS = YES;
				GCC_WARN_64_TO_32_BIT_CONVERSION = YES;
				GCC_WARN_ABOUT_RETURN_TYPE = YES_ERROR;
				GCC_WARN_UNDECLARED_SELECTOR = YES;
				GCC_WARN_UNINITIALIZED_AUTOS = YES_AGGRESSIVE;
				GCC_WARN_UNUSED_FUNCTION = YES;
				GCC_WARN_UNUSED_VARIABLE = YES;
				IPHONEOS_DEPLOYMENT_TARGET = 10.3;
				MTL_ENABLE_DEBUG_INFO = NO;
				SDKROOT = iphoneos;
				SWIFT_OPTIMIZATION_LEVEL = "-Owholemodule";
				TARGETED_DEVICE_FAMILY = "1,2";
				VALIDATE_PRODUCT = YES;
			};
			name = Release;
		};
		A83B4E751F0F1360008595E8 /* Debug */ = {
			isa = XCBuildConfiguration;
			baseConfigurationReference = F9563577A2CEDD1BE565CA04 /* Pods-Merica.debug.xcconfig */;
			buildSettings = {
				ALWAYS_EMBED_SWIFT_STANDARD_LIBRARIES = YES;
				ASSETCATALOG_COMPILER_APPICON_NAME = AppIcon;
				CODE_SIGN_ENTITLEMENTS = Merica/Merica.entitlements;
				DEVELOPMENT_TEAM = 3DKZWJ5854;
				INFOPLIST_FILE = Merica/Info.plist;
				LD_RUNPATH_SEARCH_PATHS = "$(inherited) @executable_path/Frameworks";
				PRODUCT_BUNDLE_IDENTIFIER = com.matt.deuschle.Merica;
				PRODUCT_NAME = "$(TARGET_NAME)";
				SWIFT_VERSION = 3.0;
			};
			name = Debug;
		};
		A83B4E761F0F1360008595E8 /* Release */ = {
			isa = XCBuildConfiguration;
			baseConfigurationReference = 7CA2A2E445A19D467342469C /* Pods-Merica.release.xcconfig */;
			buildSettings = {
				ALWAYS_EMBED_SWIFT_STANDARD_LIBRARIES = YES;
				ASSETCATALOG_COMPILER_APPICON_NAME = AppIcon;
				CODE_SIGN_ENTITLEMENTS = Merica/Merica.entitlements;
				DEVELOPMENT_TEAM = 3DKZWJ5854;
				INFOPLIST_FILE = Merica/Info.plist;
				LD_RUNPATH_SEARCH_PATHS = "$(inherited) @executable_path/Frameworks";
				PRODUCT_BUNDLE_IDENTIFIER = com.matt.deuschle.Merica;
				PRODUCT_NAME = "$(TARGET_NAME)";
				SWIFT_VERSION = 3.0;
			};
			name = Release;
		};
		A83B4E781F0F1360008595E8 /* Debug */ = {
			isa = XCBuildConfiguration;
			baseConfigurationReference = AAA69E54ECA541AA1E150E6D /* Pods-MericaTests.debug.xcconfig */;
			buildSettings = {
				ALWAYS_EMBED_SWIFT_STANDARD_LIBRARIES = YES;
				BUNDLE_LOADER = "$(TEST_HOST)";
				DEVELOPMENT_TEAM = 3DKZWJ5854;
				INFOPLIST_FILE = MericaTests/Info.plist;
				LD_RUNPATH_SEARCH_PATHS = "$(inherited) @executable_path/Frameworks @loader_path/Frameworks";
				PRODUCT_BUNDLE_IDENTIFIER = com.matt.deuschle.MericaTests;
				PRODUCT_NAME = "$(TARGET_NAME)";
				SWIFT_VERSION = 3.0;
				TEST_HOST = "$(BUILT_PRODUCTS_DIR)/Merica.app/Merica";
			};
			name = Debug;
		};
		A83B4E791F0F1360008595E8 /* Release */ = {
			isa = XCBuildConfiguration;
			baseConfigurationReference = DABB58D4AF713797A1917FFB /* Pods-MericaTests.release.xcconfig */;
			buildSettings = {
				ALWAYS_EMBED_SWIFT_STANDARD_LIBRARIES = YES;
				BUNDLE_LOADER = "$(TEST_HOST)";
				DEVELOPMENT_TEAM = 3DKZWJ5854;
				INFOPLIST_FILE = MericaTests/Info.plist;
				LD_RUNPATH_SEARCH_PATHS = "$(inherited) @executable_path/Frameworks @loader_path/Frameworks";
				PRODUCT_BUNDLE_IDENTIFIER = com.matt.deuschle.MericaTests;
				PRODUCT_NAME = "$(TARGET_NAME)";
				SWIFT_VERSION = 3.0;
				TEST_HOST = "$(BUILT_PRODUCTS_DIR)/Merica.app/Merica";
			};
			name = Release;
		};
		A83B4E7B1F0F1360008595E8 /* Debug */ = {
			isa = XCBuildConfiguration;
			baseConfigurationReference = 81DCC67C33CDA055550AAC98 /* Pods-MericaUITests.debug.xcconfig */;
			buildSettings = {
				ALWAYS_EMBED_SWIFT_STANDARD_LIBRARIES = YES;
				DEVELOPMENT_TEAM = 3DKZWJ5854;
				INFOPLIST_FILE = MericaUITests/Info.plist;
				LD_RUNPATH_SEARCH_PATHS = "$(inherited) @executable_path/Frameworks @loader_path/Frameworks";
				PRODUCT_BUNDLE_IDENTIFIER = com.matt.deuschle.MericaUITests;
				PRODUCT_NAME = "$(TARGET_NAME)";
				SWIFT_VERSION = 3.0;
				TEST_TARGET_NAME = Merica;
			};
			name = Debug;
		};
		A83B4E7C1F0F1360008595E8 /* Release */ = {
			isa = XCBuildConfiguration;
			baseConfigurationReference = EE5447F6DE8C32FCDCDCEC79 /* Pods-MericaUITests.release.xcconfig */;
			buildSettings = {
				ALWAYS_EMBED_SWIFT_STANDARD_LIBRARIES = YES;
				DEVELOPMENT_TEAM = 3DKZWJ5854;
				INFOPLIST_FILE = MericaUITests/Info.plist;
				LD_RUNPATH_SEARCH_PATHS = "$(inherited) @executable_path/Frameworks @loader_path/Frameworks";
				PRODUCT_BUNDLE_IDENTIFIER = com.matt.deuschle.MericaUITests;
				PRODUCT_NAME = "$(TARGET_NAME)";
				SWIFT_VERSION = 3.0;
				TEST_TARGET_NAME = Merica;
			};
			name = Release;
		};
/* End XCBuildConfiguration section */

/* Begin XCConfigurationList section */
		A83B4E471F0F135F008595E8 /* Build configuration list for PBXProject "Merica" */ = {
			isa = XCConfigurationList;
			buildConfigurations = (
				A83B4E721F0F1360008595E8 /* Debug */,
				A83B4E731F0F1360008595E8 /* Release */,
			);
			defaultConfigurationIsVisible = 0;
			defaultConfigurationName = Release;
		};
		A83B4E741F0F1360008595E8 /* Build configuration list for PBXNativeTarget "Merica" */ = {
			isa = XCConfigurationList;
			buildConfigurations = (
				A83B4E751F0F1360008595E8 /* Debug */,
				A83B4E761F0F1360008595E8 /* Release */,
			);
			defaultConfigurationIsVisible = 0;
			defaultConfigurationName = Release;
		};
		A83B4E771F0F1360008595E8 /* Build configuration list for PBXNativeTarget "MericaTests" */ = {
			isa = XCConfigurationList;
			buildConfigurations = (
				A83B4E781F0F1360008595E8 /* Debug */,
				A83B4E791F0F1360008595E8 /* Release */,
			);
			defaultConfigurationIsVisible = 0;
			defaultConfigurationName = Release;
		};
		A83B4E7A1F0F1360008595E8 /* Build configuration list for PBXNativeTarget "MericaUITests" */ = {
			isa = XCConfigurationList;
			buildConfigurations = (
				A83B4E7B1F0F1360008595E8 /* Debug */,
				A83B4E7C1F0F1360008595E8 /* Release */,
			);
			defaultConfigurationIsVisible = 0;
			defaultConfigurationName = Release;
		};
/* End XCConfigurationList section */
	};
	rootObject = A83B4E441F0F135F008595E8 /* Project object */;
}
